
Microsoft Visual Studio Solution File, Format Version 12.00
# Visual Studio Version 17
VisualStudioVersion = 17.13.35806.99 d17.13
MinimumVisualStudioVersion = 10.0.40219.1
Project("{FAE04EC0-301F-11D3-BF4B-00C04F79EFBC}") = "ChamaOSindico.WebAPI", "ChamaOSindico.WebAPI\ChamaOSindico.WebAPI.csproj", "{65BA06AB-905F-49D8-8F96-F0E404599403}"
EndProject
Project("{FAE04EC0-301F-11D3-BF4B-00C04F79EFBC}") = "ChamaOSindico.Application", "ChamaOSindico.Application\ChamaOSindico.Application.csproj", "{7B70380F-8994-459F-B9C4-82B91DEF9F08}"
EndProject
Project("{FAE04EC0-301F-11D3-BF4B-00C04F79EFBC}") = "ChamaOSindico.Infra", "ChamaOSindico.Infra\ChamaOSindico.Infra.csproj", "{842538A3-C350-4A9C-9246-D34483C721E6}"
EndProject
Project("{FAE04EC0-301F-11D3-BF4B-00C04F79EFBC}") = "ChamaOSindico.IoC", "ChamaOSindico.IoC\ChamaOSindico.IoC.csproj", "{34C13E41-11AB-433F-8BF6-45086B0996EB}"
EndProject
Project("{FAE04EC0-301F-11D3-BF4B-00C04F79EFBC}") = "ChamaOSindico.Domain", "ChamaOSindico.Domain\ChamaOSindico.Domain.csproj", "{7B18F7D2-480D-406F-9723-75B14FE3EF16}"
EndProject
Global
	GlobalSection(SolutionConfigurationPlatforms) = preSolution
		Debug|Any CPU = Debug|Any CPU
		Release|Any CPU = Release|Any CPU
	EndGlobalSection
	GlobalSection(ProjectConfigurationPlatforms) = postSolution
		{65BA06AB-905F-49D8-8F96-F0E404599403}.Debug|Any CPU.ActiveCfg = Debug|Any CPU
		{65BA06AB-905F-49D8-8F96-F0E404599403}.Debug|Any CPU.Build.0 = Debug|Any CPU
		{65BA06AB-905F-49D8-8F96-F0E404599403}.Release|Any CPU.ActiveCfg = Release|Any CPU
		{65BA06AB-905F-49D8-8F96-F0E404599403}.Release|Any CPU.Build.0 = Release|Any CPU
		{7B70380F-8994-459F-B9C4-82B91DEF9F08}.Debug|Any CPU.ActiveCfg = Debug|Any CPU
		{7B70380F-8994-459F-B9C4-82B91DEF9F08}.Debug|Any CPU.Build.0 = Debug|Any CPU
		{7B70380F-8994-459F-B9C4-82B91DEF9F08}.Release|Any CPU.ActiveCfg = Release|Any CPU
		{7B70380F-8994-459F-B9C4-82B91DEF9F08}.Release|Any CPU.Build.0 = Release|Any CPU
		{842538A3-C350-4A9C-9246-D34483C721E6}.Debug|Any CPU.ActiveCfg = Debug|Any CPU
		{842538A3-C350-4A9C-9246-D34483C721E6}.Debug|Any CPU.Build.0 = Debug|Any CPU
		{842538A3-C350-4A9C-9246-D34483C721E6}.Release|Any CPU.ActiveCfg = Release|Any CPU
		{842538A3-C350-4A9C-9246-D34483C721E6}.Release|Any CPU.Build.0 = Release|Any CPU
		{34C13E41-11AB-433F-8BF6-45086B0996EB}.Debug|Any CPU.ActiveCfg = Debug|Any CPU
		{34C13E41-11AB-433F-8BF6-45086B0996EB}.Debug|Any CPU.Build.0 = Debug|Any CPU
		{34C13E41-11AB-433F-8BF6-45086B0996EB}.Release|Any CPU.ActiveCfg = Release|Any CPU
		{34C13E41-11AB-433F-8BF6-45086B0996EB}.Release|Any CPU.Build.0 = Release|Any CPU
		{7B18F7D2-480D-406F-9723-75B14FE3EF16}.Debug|Any CPU.ActiveCfg = Debug|Any CPU
		{7B18F7D2-480D-406F-9723-75B14FE3EF16}.Debug|Any CPU.Build.0 = Debug|Any CPU
		{7B18F7D2-480D-406F-9723-75B14FE3EF16}.Release|Any CPU.ActiveCfg = Release|Any CPU
		{7B18F7D2-480D-406F-9723-75B14FE3EF16}.Release|Any CPU.Build.0 = Release|Any CPU
	EndGlobalSection
	GlobalSection(SolutionProperties) = preSolution
		HideSolutionNode = FALSE
	EndGlobalSection
	GlobalSection(ExtensibilityGlobals) = postSolution
		SolutionGuid = {DC447D90-EA58-413B-96C5-1CF492AB73BF}
	EndGlobalSection
EndGlobal
